// !$*UTF8*$!
{
	archiveVersion = 1;
	classes = {
	};
	objectVersion = 46;
	objects = {

/* Begin PBXBuildFile section */
		475A545C1562FF920092D0D3 /* UIKit.framework in Frameworks */ = {isa = PBXBuildFile; fileRef = 475A545B1562FF920092D0D3 /* UIKit.framework */; };
		475A545E1562FF920092D0D3 /* Foundation.framework in Frameworks */ = {isa = PBXBuildFile; fileRef = 475A545D1562FF920092D0D3 /* Foundation.framework */; };
		475A54601562FF920092D0D3 /* CoreGraphics.framework in Frameworks */ = {isa = PBXBuildFile; fileRef = 475A545F1562FF920092D0D3 /* CoreGraphics.framework */; };
		475A54661562FF920092D0D3 /* InfoPlist.strings in Resources */ = {isa = PBXBuildFile; fileRef = 475A54641562FF920092D0D3 /* InfoPlist.strings */; };
		475A54681562FF920092D0D3 /* main.m in Sources */ = {isa = PBXBuildFile; fileRef = 475A54671562FF920092D0D3 /* main.m */; };
		475A546C1562FF920092D0D3 /* CalculatorAppDelegate.m in Sources */ = {isa = PBXBuildFile; fileRef = 475A546B1562FF920092D0D3 /* CalculatorAppDelegate.m */; };
		475A546F1562FF920092D0D3 /* MainStoryboard.storyboard in Resources */ = {isa = PBXBuildFile; fileRef = 475A546D1562FF920092D0D3 /* MainStoryboard.storyboard */; };
		475A54721562FF920092D0D3 /* CalculatorViewController.m in Sources */ = {isa = PBXBuildFile; fileRef = 475A54711562FF920092D0D3 /* CalculatorViewController.m */; };
		475A547A1562FF920092D0D3 /* SenTestingKit.framework in Frameworks */ = {isa = PBXBuildFile; fileRef = 475A54791562FF920092D0D3 /* SenTestingKit.framework */; };
		475A547B1562FF920092D0D3 /* UIKit.framework in Frameworks */ = {isa = PBXBuildFile; fileRef = 475A545B1562FF920092D0D3 /* UIKit.framework */; };
		475A547C1562FF920092D0D3 /* Foundation.framework in Frameworks */ = {isa = PBXBuildFile; fileRef = 475A545D1562FF920092D0D3 /* Foundation.framework */; };
		475A54841562FF920092D0D3 /* InfoPlist.strings in Resources */ = {isa = PBXBuildFile; fileRef = 475A54821562FF920092D0D3 /* InfoPlist.strings */; };
		475A54871562FF920092D0D3 /* FractionCalculatorTests.m in Sources */ = {isa = PBXBuildFile; fileRef = 475A54861562FF920092D0D3 /* FractionCalculatorTests.m */; };
		475A5492156300930092D0D3 /* Fraction.m in Sources */ = {isa = PBXBuildFile; fileRef = 475A5491156300930092D0D3 /* Fraction.m */; };
		475A5495156317130092D0D3 /* Calculator.m in Sources */ = {isa = PBXBuildFile; fileRef = 475A5494156317130092D0D3 /* Calculator.m */; };
		475A549F1563BEE00092D0D3 /* readme.txt in Resources */ = {isa = PBXBuildFile; fileRef = 475A549E1563BEE00092D0D3 /* readme.txt */; };
		475A54A315645CDB0092D0D3 /* icon.png in Resources */ = {isa = PBXBuildFile; fileRef = 475A54A215645CDB0092D0D3 /* icon.png */; };
/* End PBXBuildFile section */

/* Begin PBXContainerItemProxy section */
		475A547D1562FF920092D0D3 /* PBXContainerItemProxy */ = {
			isa = PBXContainerItemProxy;
			containerPortal = 475A544E1562FF910092D0D3 /* Project object */;
			proxyType = 1;
			remoteGlobalIDString = 475A54561562FF920092D0D3;
			remoteInfo = FractionCalculator;
		};
/* End PBXContainerItemProxy section */

/* Begin PBXFileReference section */
		475A54571562FF920092D0D3 /* FractionCalculator.app */ = {isa = PBXFileReference; explicitFileType = wrapper.application; includeInIndex = 0; path = FractionCalculator.app; sourceTree = BUILT_PRODUCTS_DIR; };
		475A545B1562FF920092D0D3 /* UIKit.framework */ = {isa = PBXFileReference; lastKnownFileType = wrapper.framework; name = UIKit.framework; path = System/Library/Frameworks/UIKit.framework; sourceTree = SDKROOT; };
		475A545D1562FF920092D0D3 /* Foundation.framework */ = {isa = PBXFileReference; lastKnownFileType = wrapper.framework; name = Foundation.framework; path = System/Library/Frameworks/Foundation.framework; sourceTree = SDKROOT; };
		475A545F1562FF920092D0D3 /* CoreGraphics.framework */ = {isa = PBXFileReference; lastKnownFileType = wrapper.framework; name = CoreGraphics.framework; path = System/Library/Frameworks/CoreGraphics.framework; sourceTree = SDKROOT; };
		475A54631562FF920092D0D3 /* FractionCalculator-Info.plist */ = {isa = PBXFileReference; lastKnownFileType = text.plist.xml; path = "FractionCalculator-Info.plist"; sourceTree = "<group>"; };
		475A54651562FF920092D0D3 /* en */ = {isa = PBXFileReference; lastKnownFileType = text.plist.strings; name = en; path = en.lproj/InfoPlist.strings; sourceTree = "<group>"; };
		475A54671562FF920092D0D3 /* main.m */ = {isa = PBXFileReference; lastKnownFileType = sourcecode.c.objc; path = main.m; sourceTree = "<group>"; };
		475A54691562FF920092D0D3 /* FractionCalculator-Prefix.pch */ = {isa = PBXFileReference; lastKnownFileType = sourcecode.c.h; path = "FractionCalculator-Prefix.pch"; sourceTree = "<group>"; };
		475A546A1562FF920092D0D3 /* CalculatorAppDelegate.h */ = {isa = PBXFileReference; lastKnownFileType = sourcecode.c.h; path = CalculatorAppDelegate.h; sourceTree = "<group>"; };
		475A546B1562FF920092D0D3 /* CalculatorAppDelegate.m */ = {isa = PBXFileReference; lastKnownFileType = sourcecode.c.objc; path = CalculatorAppDelegate.m; sourceTree = "<group>"; };
		475A546E1562FF920092D0D3 /* en */ = {isa = PBXFileReference; lastKnownFileType = file.storyboard; name = en; path = en.lproj/MainStoryboard.storyboard; sourceTree = "<group>"; };
		475A54701562FF920092D0D3 /* CalculatorViewController.h */ = {isa = PBXFileReference; lastKnownFileType = sourcecode.c.h; path = CalculatorViewController.h; sourceTree = "<group>"; };
		475A54711562FF920092D0D3 /* CalculatorViewController.m */ = {isa = PBXFileReference; lastKnownFileType = sourcecode.c.objc; path = CalculatorViewController.m; sourceTree = "<group>"; };
		475A54781562FF920092D0D3 /* FractionCalculatorTests.octest */ = {isa = PBXFileReference; explicitFileType = wrapper.cfbundle; includeInIndex = 0; path = FractionCalculatorTests.octest; sourceTree = BUILT_PRODUCTS_DIR; };
		475A54791562FF920092D0D3 /* SenTestingKit.framework */ = {isa = PBXFileReference; lastKnownFileType = wrapper.framework; name = SenTestingKit.framework; path = Library/Frameworks/SenTestingKit.framework; sourceTree = DEVELOPER_DIR; };
		475A54811562FF920092D0D3 /* FractionCalculatorTests-Info.plist */ = {isa = PBXFileReference; lastKnownFileType = text.plist.xml; path = "FractionCalculatorTests-Info.plist"; sourceTree = "<group>"; };
		475A54831562FF920092D0D3 /* en */ = {isa = PBXFileReference; lastKnownFileType = text.plist.strings; name = en; path = en.lproj/InfoPlist.strings; sourceTree = "<group>"; };
		475A54851562FF920092D0D3 /* FractionCalculatorTests.h */ = {isa = PBXFileReference; lastKnownFileType = sourcecode.c.h; path = FractionCalculatorTests.h; sourceTree = "<group>"; };
		475A54861562FF920092D0D3 /* FractionCalculatorTests.m */ = {isa = PBXFileReference; lastKnownFileType = sourcecode.c.objc; path = FractionCalculatorTests.m; sourceTree = "<group>"; };
		475A5490156300930092D0D3 /* Fraction.h */ = {isa = PBXFileReference; fileEncoding = 4; lastKnownFileType = sourcecode.c.h; path = Fraction.h; sourceTree = "<group>"; };
		475A5491156300930092D0D3 /* Fraction.m */ = {isa = PBXFileReference; fileEncoding = 4; lastKnownFileType = sourcecode.c.objc; path = Fraction.m; sourceTree = "<group>"; };
		475A5493156317130092D0D3 /* Calculator.h */ = {isa = PBXFileReference; fileEncoding = 4; lastKnownFileType = sourcecode.c.h; path = Calculator.h; sourceTree = "<group>"; };
		475A5494156317130092D0D3 /* Calculator.m */ = {isa = PBXFileReference; fileEncoding = 4; lastKnownFileType = sourcecode.c.objc; path = Calculator.m; sourceTree = "<group>"; };
		475A549E1563BEE00092D0D3 /* readme.txt */ = {isa = PBXFileReference; fileEncoding = 4; lastKnownFileType = text; path = readme.txt; sourceTree = "<group>"; };
		475A54A215645CDB0092D0D3 /* icon.png */ = {isa = PBXFileReference; lastKnownFileType = image.png; path = icon.png; sourceTree = "<group>"; };
/* End PBXFileReference section */

/* Begin PBXFrameworksBuildPhase section */
		475A54541562FF920092D0D3 /* Frameworks */ = {
			isa = PBXFrameworksBuildPhase;
			buildActionMask = 2147483647;
			files = (
				475A545C1562FF920092D0D3 /* UIKit.framework in Frameworks */,
				475A545E1562FF920092D0D3 /* Foundation.framework in Frameworks */,
				475A54601562FF920092D0D3 /* CoreGraphics.framework in Frameworks */,
			);
			runOnlyForDeploymentPostprocessing = 0;
		};
		475A54741562FF920092D0D3 /* Frameworks */ = {
			isa = PBXFrameworksBuildPhase;
			buildActionMask = 2147483647;
			files = (
				475A547A1562FF920092D0D3 /* SenTestingKit.framework in Frameworks */,
				475A547B1562FF920092D0D3 /* UIKit.framework in Frameworks */,
				475A547C1562FF920092D0D3 /* Foundation.framework in Frameworks */,
			);
			runOnlyForDeploymentPostprocessing = 0;
		};
/* End PBXFrameworksBuildPhase section */

/* Begin PBXGroup section */
		475A544C1562FF910092D0D3 = {
			isa = PBXGroup;
			children = (
				475A54A215645CDB0092D0D3 /* icon.png */,
				475A54611562FF920092D0D3 /* FractionCalculator */,
				475A547F1562FF920092D0D3 /* FractionCalculatorTests */,
				475A545A1562FF920092D0D3 /* Frameworks */,
				475A54581562FF920092D0D3 /* Products */,
			);
			sourceTree = "<group>";
		};
		475A54581562FF920092D0D3 /* Products */ = {
			isa = PBXGroup;
			children = (
				475A54571562FF920092D0D3 /* FractionCalculator.app */,
				475A54781562FF920092D0D3 /* FractionCalculatorTests.octest */,
			);
			name = Products;
			sourceTree = "<group>";
		};
		475A545A1562FF920092D0D3 /* Frameworks */ = {
			isa = PBXGroup;
			children = (
				475A545B1562FF920092D0D3 /* UIKit.framework */,
				475A545D1562FF920092D0D3 /* Foundation.framework */,
				475A545F1562FF920092D0D3 /* CoreGraphics.framework */,
				475A54791562FF920092D0D3 /* SenTestingKit.framework */,
			);
			name = Frameworks;
			sourceTree = "<group>";
		};
		475A54611562FF920092D0D3 /* FractionCalculator */ = {
			isa = PBXGroup;
			children = (
				475A546A1562FF920092D0D3 /* CalculatorAppDelegate.h */,
				475A546B1562FF920092D0D3 /* CalculatorAppDelegate.m */,
				475A546D1562FF920092D0D3 /* MainStoryboard.storyboard */,
				475A54701562FF920092D0D3 /* CalculatorViewController.h */,
				475A54711562FF920092D0D3 /* CalculatorViewController.m */,
				475A54621562FF920092D0D3 /* Supporting Files */,
				475A5490156300930092D0D3 /* Fraction.h */,
				475A5491156300930092D0D3 /* Fraction.m */,
				475A549E1563BEE00092D0D3 /* readme.txt */,
			);
			path = FractionCalculator;
			sourceTree = "<group>";
		};
		475A54621562FF920092D0D3 /* Supporting Files */ = {
			isa = PBXGroup;
			children = (
				475A54631562FF920092D0D3 /* FractionCalculator-Info.plist */,
				475A54641562FF920092D0D3 /* InfoPlist.strings */,
				475A54671562FF920092D0D3 /* main.m */,
				475A54691562FF920092D0D3 /* FractionCalculator-Prefix.pch */,
				475A5493156317130092D0D3 /* Calculator.h */,
				475A5494156317130092D0D3 /* Calculator.m */,
			);
			name = "Supporting Files";
			sourceTree = "<group>";
		};
		475A547F1562FF920092D0D3 /* FractionCalculatorTests */ = {
			isa = PBXGroup;
			children = (
				475A54851562FF920092D0D3 /* FractionCalculatorTests.h */,
				475A54861562FF920092D0D3 /* FractionCalculatorTests.m */,
				475A54801562FF920092D0D3 /* Supporting Files */,
			);
			path = FractionCalculatorTests;
			sourceTree = "<group>";
		};
		475A54801562FF920092D0D3 /* Supporting Files */ = {
			isa = PBXGroup;
			children = (
				475A54811562FF920092D0D3 /* FractionCalculatorTests-Info.plist */,
				475A54821562FF920092D0D3 /* InfoPlist.strings */,
			);
			name = "Supporting Files";
			sourceTree = "<group>";
		};
/* End PBXGroup section */

/* Begin PBXNativeTarget section */
		475A54561562FF920092D0D3 /* FractionCalculator */ = {
			isa = PBXNativeTarget;
			buildConfigurationList = 475A548A1562FF920092D0D3 /* Build configuration list for PBXNativeTarget "FractionCalculator" */;
			buildPhases = (
				475A54531562FF920092D0D3 /* Sources */,
				475A54541562FF920092D0D3 /* Frameworks */,
				475A54551562FF920092D0D3 /* Resources */,
			);
			buildRules = (
			);
			dependencies = (
			);
			name = FractionCalculator;
			productName = FractionCalculator;
			productReference = 475A54571562FF920092D0D3 /* FractionCalculator.app */;
			productType = "com.apple.product-type.application";
		};
		475A54771562FF920092D0D3 /* FractionCalculatorTests */ = {
			isa = PBXNativeTarget;
			buildConfigurationList = 475A548D1562FF920092D0D3 /* Build configuration list for PBXNativeTarget "FractionCalculatorTests" */;
			buildPhases = (
				475A54731562FF920092D0D3 /* Sources */,
				475A54741562FF920092D0D3 /* Frameworks */,
				475A54751562FF920092D0D3 /* Resources */,
				475A54761562FF920092D0D3 /* ShellScript */,
			);
			buildRules = (
			);
			dependencies = (
				475A547E1562FF920092D0D3 /* PBXTargetDependency */,
			);
			name = FractionCalculatorTests;
			productName = FractionCalculatorTests;
			productReference = 475A54781562FF920092D0D3 /* FractionCalculatorTests.octest */;
			productType = "com.apple.product-type.bundle";
		};
/* End PBXNativeTarget section */

/* Begin PBXProject section */
		475A544E1562FF910092D0D3 /* Project object */ = {
			isa = PBXProject;
			attributes = {
				CLASSPREFIX = Calculator;
				LastUpgradeCheck = 0430;
			};
			buildConfigurationList = 475A54511562FF910092D0D3 /* Build configuration list for PBXProject "FractionCalculator" */;
			compatibilityVersion = "Xcode 3.2";
			developmentRegion = English;
			hasScannedForEncodings = 0;
			knownRegions = (
				en,
			);
			mainGroup = 475A544C1562FF910092D0D3;
			productRefGroup = 475A54581562FF920092D0D3 /* Products */;
			projectDirPath = "";
			projectRoot = "";
			targets = (
				475A54561562FF920092D0D3 /* FractionCalculator */,
				475A54771562FF920092D0D3 /* FractionCalculatorTests */,
			);
		};
/* End PBXProject section */

/* Begin PBXResourcesBuildPhase section */
		475A54551562FF920092D0D3 /* Resources */ = {
			isa = PBXResourcesBuildPhase;
			buildActionMask = 2147483647;
			files = (
				475A54661562FF920092D0D3 /* InfoPlist.strings in Resources */,
				475A546F1562FF920092D0D3 /* MainStoryboard.storyboard in Resources */,
				475A549F1563BEE00092D0D3 /* readme.txt in Resources */,
				475A54A315645CDB0092D0D3 /* icon.png in Resources */,
			);
			runOnlyForDeploymentPostprocessing = 0;
		};
		475A54751562FF920092D0D3 /* Resources */ = {
			isa = PBXResourcesBuildPhase;
			buildActionMask = 2147483647;
			files = (
				475A54841562FF920092D0D3 /* InfoPlist.strings in Resources */,
			);
			runOnlyForDeploymentPostprocessing = 0;
		};
/* End PBXResourcesBuildPhase section */

/* Begin PBXShellScriptBuildPhase section */
		475A54761562FF920092D0D3 /* ShellScript */ = {
			isa = PBXShellScriptBuildPhase;
			buildActionMask = 2147483647;
			files = (
			);
			inputPaths = (
			);
			outputPaths = (
			);
			runOnlyForDeploymentPostprocessing = 0;
			shellPath = /bin/sh;
			shellScript = "# Run the unit tests in this test bundle.\n\"${SYSTEM_DEVELOPER_DIR}/Tools/RunUnitTests\"\n";
		};
/* End PBXShellScriptBuildPhase section */

/* Begin PBXSourcesBuildPhase section */
		475A54531562FF920092D0D3 /* Sources */ = {
			isa = PBXSourcesBuildPhase;
			buildActionMask = 2147483647;
			files = (
				475A54681562FF920092D0D3 /* main.m in Sources */,
				475A546C1562FF920092D0D3 /* CalculatorAppDelegate.m in Sources */,
				475A54721562FF920092D0D3 /* CalculatorViewController.m in Sources */,
				475A5492156300930092D0D3 /* Fraction.m in Sources */,
				475A5495156317130092D0D3 /* Calculator.m in Sources */,
			);
			runOnlyForDeploymentPostprocessing = 0;
		};
		475A54731562FF920092D0D3 /* Sources */ = {
			isa = PBXSourcesBuildPhase;
			buildActionMask = 2147483647;
			files = (
				475A54871562FF920092D0D3 /* FractionCalculatorTests.m in Sources */,
			);
			runOnlyForDeploymentPostprocessing = 0;
		};
/* End PBXSourcesBuildPhase section */

/* Begin PBXTargetDependency section */
		475A547E1562FF920092D0D3 /* PBXTargetDependency */ = {
			isa = PBXTargetDependency;
			target = 475A54561562FF920092D0D3 /* FractionCalculator */;
			targetProxy = 475A547D1562FF920092D0D3 /* PBXContainerItemProxy */;
		};
/* End PBXTargetDependency section */

/* Begin PBXVariantGroup section */
		475A54641562FF920092D0D3 /* InfoPlist.strings */ = {
			isa = PBXVariantGroup;
			children = (
				475A54651562FF920092D0D3 /* en */,
			);
			name = InfoPlist.strings;
			sourceTree = "<group>";
		};
		475A546D1562FF920092D0D3 /* MainStoryboard.storyboard */ = {
			isa = PBXVariantGroup;
			children = (
				475A546E1562FF920092D0D3 /* en */,
			);
			name = MainStoryboard.storyboard;
			sourceTree = "<group>";
		};
		475A54821562FF920092D0D3 /* InfoPlist.strings */ = {
			isa = PBXVariantGroup;
			children = (
				475A54831562FF920092D0D3 /* en */,
			);
			name = InfoPlist.strings;
			sourceTree = "<group>";
		};
/* End PBXVariantGroup section */

/* Begin XCBuildConfiguration section */
		475A54881562FF920092D0D3 /* Debug */ = {
			isa = XCBuildConfiguration;
			buildSettings = {
				ALWAYS_SEARCH_USER_PATHS = NO;
				ARCHS = "$(ARCHS_STANDARD_32_BIT)";
				CLANG_ENABLE_OBJC_ARC = YES;
				"CODE_SIGN_IDENTITY[sdk=iphoneos*]" = "iPhone Developer";
				COPY_PHASE_STRIP = NO;
				GCC_C_LANGUAGE_STANDARD = gnu99;
				GCC_DYNAMIC_NO_PIC = NO;
				GCC_OPTIMIZATION_LEVEL = 0;
				GCC_PREPROCESSOR_DEFINITIONS = (
					"DEBUG=1",
					"$(inherited)",
				);
				GCC_SYMBOLS_PRIVATE_EXTERN = NO;
				GCC_VERSION = com.apple.compilers.llvm.clang.1_0;
				GCC_WARN_ABOUT_RETURN_TYPE = YES;
				GCC_WARN_UNINITIALIZED_AUTOS = YES;
				GCC_WARN_UNUSED_VARIABLE = YES;
				IPHONEOS_DEPLOYMENT_TARGET = 5.1;
				SDKROOT = iphoneos;
			};
			name = Debug;
		};
		475A54891562FF920092D0D3 /* Release */ = {
			isa = XCBuildConfiguration;
			buildSettings = {
				ALWAYS_SEARCH_USER_PATHS = NO;
				ARCHS = "$(ARCHS_STANDARD_32_BIT)";
				CLANG_ENABLE_OBJC_ARC = YES;
				"CODE_SIGN_IDENTITY[sdk=iphoneos*]" = "iPhone Developer";
				COPY_PHASE_STRIP = YES;
				GCC_C_LANGUAGE_STANDARD = gnu99;
				GCC_VERSION = com.apple.compilers.llvm.clang.1_0;
				GCC_WARN_ABOUT_RETURN_TYPE = YES;
				GCC_WARN_UNINITIALIZED_AUTOS = YES;
				GCC_WARN_UNUSED_VARIABLE = YES;
				IPHONEOS_DEPLOYMENT_TARGET = 5.1;
				OTHER_CFLAGS = "-DNS_BLOCK_ASSERTIONS=1";
				SDKROOT = iphoneos;
				VALIDATE_PRODUCT = YES;
			};
			name = Release;
		};
		475A548B1562FF920092D0D3 /* Debug */ = {
			isa = XCBuildConfiguration;
			buildSettings = {
				GCC_PRECOMPILE_PREFIX_HEADER = YES;
				GCC_PREFIX_HEADER = "FractionCalculator/FractionCalculator-Prefix.pch";
				INFOPLIST_FILE = "FractionCalculator/FractionCalculator-Info.plist";
				PRODUCT_NAME = "$(TARGET_NAME)";
				WRAPPER_EXTENSION = app;
			};
			name = Debug;
		};
		475A548C1562FF920092D0D3 /* Release */ = {
			isa = XCBuildConfiguration;
			buildSettings = {
				GCC_PRECOMPILE_PREFIX_HEADER = YES;
				GCC_PREFIX_HEADER = "FractionCalculator/FractionCalculator-Prefix.pch";
				INFOPLIST_FILE = "FractionCalculator/FractionCalculator-Info.plist";
				PRODUCT_NAME = "$(TARGET_NAME)";
				WRAPPER_EXTENSION = app;
			};
			name = Release;
		};
		475A548E1562FF920092D0D3 /* Debug */ = {
			isa = XCBuildConfiguration;
			buildSettings = {
				BUNDLE_LOADER = "$(BUILT_PRODUCTS_DIR)/FractionCalculator.app/FractionCalculator";
				FRAMEWORK_SEARCH_PATHS = (
					"$(SDKROOT)/Developer/Library/Frameworks",
					"$(DEVELOPER_LIBRARY_DIR)/Frameworks",
				);
				GCC_PRECOMPILE_PREFIX_HEADER = YES;
				GCC_PREFIX_HEADER = "FractionCalculator/FractionCalculator-Prefix.pch";
				INFOPLIST_FILE = "FractionCalculatorTests/FractionCalculatorTests-Info.plist";
				PRODUCT_NAME = "$(TARGET_NAME)";
				TEST_HOST = "$(BUNDLE_LOADER)";
				WRAPPER_EXTENSION = octest;
			};
			name = Debug;
		};
		475A548F1562FF920092D0D3 /* Release */ = {
			isa = XCBuildConfiguration;
			buildSettings = {
				BUNDLE_LOADER = "$(BUILT_PRODUCTS_DIR)/FractionCalculator.app/FractionCalculator";
				FRAMEWORK_SEARCH_PATHS = (
					"$(SDKROOT)/Developer/Library/Frameworks",
					"$(DEVELOPER_LIBRARY_DIR)/Frameworks",
				);
				GCC_PRECOMPILE_PREFIX_HEADER = YES;
				GCC_PREFIX_HEADER = "FractionCalculator/FractionCalculator-Prefix.pch";
				INFOPLIST_FILE = "FractionCalculatorTests/FractionCalculatorTests-Info.plist";
				PRODUCT_NAME = "$(TARGET_NAME)";
				TEST_HOST = "$(BUNDLE_LOADER)";
				WRAPPER_EXTENSION = octest;
			};
			name = Release;
		};
/* End XCBuildConfiguration section */

/* Begin XCConfigurationList section */
		475A54511562FF910092D0D3 /* Build configuration list for PBXProject "FractionCalculator" */ = {
			isa = XCConfigurationList;
			buildConfigurations = (
				475A54881562FF920092D0D3 /* Debug */,
				475A54891562FF920092D0D3 /* Release */,
			);
			defaultConfigurationIsVisible = 0;
			defaultConfigurationName = Release;
		};
		475A548A1562FF920092D0D3 /* Build configuration list for PBXNativeTarget "FractionCalculator" */ = {
			isa = XCConfigurationList;
			buildConfigurations = (
				475A548B1562FF920092D0D3 /* Debug */,
				475A548C1562FF920092D0D3 /* Release */,
			);
			defaultConfigurationIsVisible = 0;
		};
		475A548D1562FF920092D0D3 /* Build configuration list for PBXNativeTarget "FractionCalculatorTests" */ = {
			isa = XCConfigurationList;
			buildConfigurations = (
				475A548E1562FF920092D0D3 /* Debug */,
				475A548F1562FF920092D0D3 /* Release */,
			);
			defaultConfigurationIsVisible = 0;
		};
/* End XCConfigurationList section */
	};
	rootObject = 475A544E1562FF910092D0D3 /* Project object */;
}
